lockfileVersion: 5.3

specifiers:
  '@vitejs/plugin-vue': ^2.3.3
  element-plus: ^2.2.6
  typescript: ^4.6.4
  vite: ^2.9.12
  vue: ^3.2.37
  vue-tsc: ^0.37.5

dependencies:
  element-plus: 2.2.6_vue@3.2.37
  vue: 3.2.37

devDependencies:
  '@vitejs/plugin-vue': 2.3.3_vite@2.9.12+vue@3.2.37
  typescript: 4.7.4
  vite: 2.9.12
  vue-tsc: 0.37.9_typescript@4.7.4

packages:

  /@babel/helper-validator-identifier/7.16.7:
    resolution: {integrity: sha512-hsEnFemeiW4D08A5gUAZxLBTXpZ39P+a+DGDsHw1yxqyQ/jzFEnxf5uTEGp+3bzAbNOxU1paTgYS4ECU/IgfDw==}
    engines: {node: '>=6.9.0'}

  /@babel/parser/7.18.5:
    resolution: {integrity: sha512-YZWVaglMiplo7v8f1oMQ5ZPQr0vn7HPeZXxXWsxXJRjGVrzUFn9OxFQl1sb5wzfootjA/yChhW84BV+383FSOw==}
    engines: {node: '>=6.0.0'}
    hasBin: true
    dependencies:
      '@babel/types': 7.18.4

  /@babel/types/7.18.4:
    resolution: {integrity: sha512-ThN1mBcMq5pG/Vm2IcBmPPfyPXbd8S02rS+OBIDENdufvqC7Z/jHPCv9IcP01277aKtDI8g/2XysBN4hA8niiw==}
    engines: {node: '>=6.9.0'}
    dependencies:
      '@babel/helper-validator-identifier': 7.16.7
      to-fast-properties: 2.0.0

  /@ctrl/tinycolor/3.4.1:
    resolution: {integrity: sha512-ej5oVy6lykXsvieQtqZxCOaLT+xD4+QNarq78cIYISHmZXshCvROLudpQN3lfL8G0NL7plMSSK+zlyvCaIJ4Iw==}
    engines: {node: '>=10'}
    dev: false

  /@element-plus/icons-vue/2.0.5_vue@3.2.37:
    resolution: {integrity: sha512-jvNWyKcdvPvMDLTWjghrPY+bYHKqh7hbAFIPe+HWR073zilzt33csREzmKx3VwhdlJUW5u0nCqN+0rwI8jlH+w==}
    peerDependencies:
      vue: ^3.2.0
    dependencies:
      vue: 3.2.37
    dev: false

  /@floating-ui/core/0.7.3:
    resolution: {integrity: sha512-buc8BXHmG9l82+OQXOFU3Kr2XQx9ys01U/Q9HMIrZ300iLc8HLMgh7dcCqgYzAzf4BkoQvDcXf5Y+CuEZ5JBYg==}
    dev: false

  /@floating-ui/dom/0.5.3:
    resolution: {integrity: sha512-vpjWB1uC7rajvgA58uzlJZgtWqrdDQLw+XVA3w63ZTmsWwRmVd0Gl5Dy9VMAViI9cP7hBWaJt23Jy3AVgVYnoQ==}
    dependencies:
      '@floating-ui/core': 0.7.3
    dev: false

  /@sxzz/popperjs-es/2.11.7:
    resolution: {integrity: sha512-Ccy0NlLkzr0Ex2FKvh2X+OyERHXJ88XJ1MXtsI9y9fGexlaXaVTPzBCRBwIxFkORuOb+uBqeu+RqnpgYTEZRUQ==}
    dev: false

  /@types/lodash-es/4.17.6:
    resolution: {integrity: sha512-R+zTeVUKDdfoRxpAryaQNRKk3105Rrgx2CFRClIgRGaqDTdjsm8h6IYA8ir584W3ePzkZfst5xIgDwYrlh9HLg==}
    dependencies:
      '@types/lodash': 4.14.182
    dev: false

  /@types/lodash/4.14.182:
    resolution: {integrity: sha512-/THyiqyQAP9AfARo4pF+aCGcyiQ94tX/Is2I7HofNRqoYLgN1PBoOWu2/zTA5zMxzP5EFutMtWtGAFRKUe961Q==}
    dev: false

  /@vitejs/plugin-vue/2.3.3_vite@2.9.12+vue@3.2.37:
    resolution: {integrity: sha512-SmQLDyhz+6lGJhPELsBdzXGc+AcaT8stgkbiTFGpXPe8Tl1tJaBw1A6pxDqDuRsVkD8uscrkx3hA7QDOoKYtyw==}
    engines: {node: '>=12.0.0'}
    peerDependencies:
      vite: ^2.5.10
      vue: ^3.2.25
    dependencies:
      vite: 2.9.12
      vue: 3.2.37
    dev: true

  /@volar/code-gen/0.37.9:
    resolution: {integrity: sha512-/A9WzG4mBduFw2+okHSAWkFyEsozq1OLbspPo9Kp034C2XuDyAuy09e78koA0ZPB+jUMLO1u9SDIWGLSaVVRPg==}
    dependencies:
      '@volar/source-map': 0.37.9
    dev: true

  /@volar/source-map/0.37.9:
    resolution: {integrity: sha512-3FlmxAIiWKorbDFzVSgq3oF7A6JX/3wGhO4NhUJEagTWVP1cBszr8mhQdH80bp9JgMi0jYuxVyAu4D6+CT3VVQ==}
    dev: true

  /@volar/vue-code-gen/0.37.9:
    resolution: {integrity: sha512-5fyl+O8S9l9aWITa2azmlThvMSPBSpKhuzObLErHrwWaWBk+IwMnaYh8xnF1om7VFnWDpyhBM7du5zqyjQDXhw==}
    dependencies:
      '@volar/code-gen': 0.37.9
      '@volar/source-map': 0.37.9
      '@vue/compiler-core': 3.2.37
      '@vue/compiler-dom': 3.2.37
      '@vue/shared': 3.2.37
    dev: true

  /@volar/vue-typescript/0.37.9:
    resolution: {integrity: sha512-gs83p1gFNAms77CFgLRBg+SLnbwGf4ze5hji4Q4y0p5pwNTKCNP0VXLY5kic3YB2O2Z0uQmNm/i8cgjhtEtitA==}
    dependencies:
      '@volar/code-gen': 0.37.9
      '@volar/source-map': 0.37.9
      '@volar/vue-code-gen': 0.37.9
      '@vue/compiler-sfc': 3.2.37
      '@vue/reactivity': 3.2.37
    dev: true

  /@vue/compiler-core/3.2.37:
    resolution: {integrity: sha512-81KhEjo7YAOh0vQJoSmAD68wLfYqJvoiD4ulyedzF+OEk/bk6/hx3fTNVfuzugIIaTrOx4PGx6pAiBRe5e9Zmg==}
    dependencies:
      '@babel/parser': 7.18.5
      '@vue/shared': 3.2.37
      estree-walker: 2.0.2
      source-map: 0.6.1

  /@vue/compiler-dom/3.2.37:
    resolution: {integrity: sha512-yxJLH167fucHKxaqXpYk7x8z7mMEnXOw3G2q62FTkmsvNxu4FQSu5+3UMb+L7fjKa26DEzhrmCxAgFLLIzVfqQ==}
    dependencies:
      '@vue/compiler-core': 3.2.37
      '@vue/shared': 3.2.37

  /@vue/compiler-sfc/3.2.37:
    resolution: {integrity: sha512-+7i/2+9LYlpqDv+KTtWhOZH+pa8/HnX/905MdVmAcI/mPQOBwkHHIzrsEsucyOIZQYMkXUiTkmZq5am/NyXKkg==}
    dependencies:
      '@babel/parser': 7.18.5
      '@vue/compiler-core': 3.2.37
      '@vue/compiler-dom': 3.2.37
      '@vue/compiler-ssr': 3.2.37
      '@vue/reactivity-transform': 3.2.37
      '@vue/shared': 3.2.37
      estree-walker: 2.0.2
      magic-string: 0.25.9
      postcss: 8.4.14
      source-map: 0.6.1

  /@vue/compiler-ssr/3.2.37:
    resolution: {integrity: sha512-7mQJD7HdXxQjktmsWp/J67lThEIcxLemz1Vb5I6rYJHR5vI+lON3nPGOH3ubmbvYGt8xEUaAr1j7/tIFWiEOqw==}
    dependencies:
      '@vue/compiler-dom': 3.2.37
      '@vue/shared': 3.2.37

  /@vue/reactivity-transform/3.2.37:
    resolution: {integrity: sha512-IWopkKEb+8qpu/1eMKVeXrK0NLw9HicGviJzhJDEyfxTR9e1WtpnnbYkJWurX6WwoFP0sz10xQg8yL8lgskAZg==}
    dependencies:
      '@babel/parser': 7.18.5
      '@vue/compiler-core': 3.2.37
      '@vue/shared': 3.2.37
      estree-walker: 2.0.2
      magic-string: 0.25.9

  /@vue/reactivity/3.2.37:
    resolution: {integrity: sha512-/7WRafBOshOc6m3F7plwzPeCu/RCVv9uMpOwa/5PiY1Zz+WLVRWiy0MYKwmg19KBdGtFWsmZ4cD+LOdVPcs52A==}
    dependencies:
      '@vue/shared': 3.2.37

  /@vue/runtime-core/3.2.37:
    resolution: {integrity: sha512-JPcd9kFyEdXLl/i0ClS7lwgcs0QpUAWj+SKX2ZC3ANKi1U4DOtiEr6cRqFXsPwY5u1L9fAjkinIdB8Rz3FoYNQ==}
    dependencies:
      '@vue/reactivity': 3.2.37
      '@vue/shared': 3.2.37
    dev: false

  /@vue/runtime-dom/3.2.37:
    resolution: {integrity: sha512-HimKdh9BepShW6YozwRKAYjYQWg9mQn63RGEiSswMbW+ssIht1MILYlVGkAGGQbkhSh31PCdoUcfiu4apXJoPw==}
    dependencies:
      '@vue/runtime-core': 3.2.37
      '@vue/shared': 3.2.37
      csstype: 2.6.20
    dev: false

  /@vue/server-renderer/3.2.37_vue@3.2.37:
    resolution: {integrity: sha512-kLITEJvaYgZQ2h47hIzPh2K3jG8c1zCVbp/o/bzQOyvzaKiCquKS7AaioPI28GNxIsE/zSx+EwWYsNxDCX95MA==}
    peerDependencies:
      vue: 3.2.37
    dependencies:
      '@vue/compiler-ssr': 3.2.37
      '@vue/shared': 3.2.37
      vue: 3.2.37
    dev: false

  /@vue/shared/3.2.37:
    resolution: {integrity: sha512-4rSJemR2NQIo9Klm1vabqWjD8rs/ZaJSzMxkMNeJS6lHiUjjUeYFbooN19NgFjztubEKh3WlZUeOLVdbbUWHsw==}

  /@vueuse/core/8.7.4_vue@3.2.37:
    resolution: {integrity: sha512-dQgxjb79PDcizlaclgCkCzNoqNv12PnbXxUOFL9VacakmD/ACoSMWwTpcG3HKoDoYyl2V3kSW/8AkvXGEYEGFA==}
    peerDependencies:
      '@vue/composition-api': ^1.1.0
      vue: ^2.6.0 || ^3.2.0
    peerDependenciesMeta:
      '@vue/composition-api':
        optional: true
      vue:
        optional: true
    dependencies:
      '@vueuse/metadata': 8.7.4
      '@vueuse/shared': 8.7.4_vue@3.2.37
      vue: 3.2.37
      vue-demi: 0.13.1_vue@3.2.37
    dev: false

  /@vueuse/metadata/8.7.4:
    resolution: {integrity: sha512-CwEYS6/M6JDxk9D1mUsZq3F0VnYnf39rAxOytP58vb4BrhmPKEVfiSpvxuYcJimU9ccT/xjWhwBnsdGC2H9mIQ==}
    dev: false

  /@vueuse/shared/8.7.4_vue@3.2.37:
    resolution: {integrity: sha512-QhwTEd2Gr/8ZliWVEM8sbMUkXtVVV1Mt1mOkCnIbIN33D/V28FwGKUKqEPGZZCXuJchARnun/J1TAiT/UmZd1w==}
    peerDependencies:
      '@vue/composition-api': ^1.1.0
      vue: ^2.6.0 || ^3.2.0
    peerDependenciesMeta:
      '@vue/composition-api':
        optional: true
      vue:
        optional: true
    dependencies:
      vue: 3.2.37
      vue-demi: 0.13.1_vue@3.2.37
    dev: false

  /async-validator/4.2.5:
    resolution: {integrity: sha512-7HhHjtERjqlNbZtqNqy2rckN/SpOOlmDliet+lP7k+eKZEjPk3DgyeU9lIXLdeLz0uBbbVp+9Qdow9wJWgwwfg==}
    dev: false

  /csstype/2.6.20:
    resolution: {integrity: sha512-/WwNkdXfckNgw6S5R125rrW8ez139lBHWouiBvX8dfMFtcn6V81REDqnH7+CRpRipfYlyU1CmOnOxrmGcFOjeA==}
    dev: false

  /dayjs/1.11.3:
    resolution: {integrity: sha512-xxwlswWOlGhzgQ4TKzASQkUhqERI3egRNqgV4ScR8wlANA/A9tZ7miXa44vTTKEq5l7vWoL5G57bG3zA+Kow0A==}
    dev: false

  /element-plus/2.2.6_vue@3.2.37:
    resolution: {integrity: sha512-N9G4yWSxDt1YtreCJgt7UaSsXKuR4Fzb3ThzlBjbGDYDhcHijsrLL3qkdLZgeoSB13LRyr9pgP1ljNXdaYGa+g==}
    peerDependencies:
      vue: ^3.2.0
    dependencies:
      '@ctrl/tinycolor': 3.4.1
      '@element-plus/icons-vue': 2.0.5_vue@3.2.37
      '@floating-ui/dom': 0.5.3
      '@popperjs/core': /@sxzz/popperjs-es/2.11.7
      '@types/lodash': 4.14.182
      '@types/lodash-es': 4.17.6
      '@vueuse/core': 8.7.4_vue@3.2.37
      async-validator: 4.2.5
      dayjs: 1.11.3
      escape-html: 1.0.3
      lodash: 4.17.21
      lodash-es: 4.17.21
      lodash-unified: 1.0.2_da03a4540fbd16bbaafbb96724306afd
      memoize-one: 6.0.0
      normalize-wheel-es: 1.1.2
      vue: 3.2.37
    transitivePeerDependencies:
      - '@vue/composition-api'
    dev: false

  /esbuild-android-64/0.14.46:
    resolution: {integrity: sha512-ZyJqwAcjNbZprs0ZAxnUAOhEhdE5kTKwz+CZuLmZYNLAPyRgBtaC8pT2PCuPifNvV8Cl3yLlrQPaOCjovoyb5g==}
    engines: {node: '>=12'}
    cpu: [x64]
    os: [android]
    requiresBuild: true
    dev: true
    optional: true

  /esbuild-android-arm64/0.14.46:
    resolution: {integrity: sha512-BKcnUksvCijO9ONv6b4SikZE/OZftwJvX91XROODZGQmuwGVg97jmLDVu3lxuHdFlMNNzxh8taJ2mbCWZzH/Iw==}
    engines: {node: '>=12'}
    cpu: [arm64]
    os: [android]
    requiresBuild: true
    dev: true
    optional: true

  /esbuild-darwin-64/0.14.46:
    resolution: {integrity: sha512-/ss2kO92sUJ9/1nHnMb3+oab8w6dyqKrMtPMvSYJ9KZIYGAZxz/WYxfFprY7Xk+ZxWnnlASSyZlG+If1nVmFYg==}
    engines: {node: '>=12'}
    cpu: [x64]
    os: [darwin]
    requiresBuild: true
    dev: true
    optional: true

  /esbuild-darwin-arm64/0.14.46:
    resolution: {integrity: sha512-WX0JOaEFf6t+rIjXO6THsf/0fhQAt2Zb0/PSYlvXnuQQAmOmFAfPsuRNocp5ME0NGaUqZd4FxqqmLEVK3RzPAg==}
    engines: {node: '>=12'}
    cpu: [arm64]
    os: [darwin]
    requiresBuild: true
    dev: true
    optional: true

  /esbuild-freebsd-64/0.14.46:
    resolution: {integrity: sha512-o+ozPFuHRCAGCVWU2bLurOUgVkT0jcPEu082VBUY2Q/yLf+B+/3nXzh4Fjp5O21tOvJRTn7hUVydG9j5+vYE6A==}
    engines: {node: '>=12'}
    cpu: [x64]
    os: [freebsd]
    requiresBuild: true
    dev: true
    optional: true

  /esbuild-freebsd-arm64/0.14.46:
    resolution: {integrity: sha512-9zicZ0X43WDKz3sjNfcqYO38xbfJpSWYXB+FxvYYkmBwGA52K0SAu4oKuTTLi8od8X2IIo1x5C5TUNvKDSVJww==}
    engines: {node: '>=12'}
    cpu: [arm64]
    os: [freebsd]
    requiresBuild: true
    dev: true
    optional: true

  /esbuild-linux-32/0.14.46:
    resolution: {integrity: sha512-ZnTpZMVb0VGvL99R5eh4OrJwbUyvpM6M88VAMuHP4LvFjuvZrhgefjKqEGuWZZW7JRnAjKqjXLjWdhdSjwMFnQ==}
    engines: {node: '>=12'}
    cpu: [ia32]
    os: [linux]
    requiresBuild: true
    dev: true
    optional: true

  /esbuild-linux-64/0.14.46:
    resolution: {integrity: sha512-ECCRRZtX6l4ubeVhHhiVoK/uYAkvzNqfmR4gP4N/9H9RPu+b8YCcN4bQGp7xCuYIV6Xd41WpOMyO+xpcQvjtQQ==}
    engines: {node: '>=12'}
    cpu: [x64]
    os: [linux]
    requiresBuild: true
    dev: true
    optional: true

  /esbuild-linux-arm/0.14.46:
    resolution: {integrity: sha512-RvTJEi4vj13c5FP9YPp+8Y6x6HK1E7uSqfy3y9UoeaNAzNZWA7fN1U3hQjTL/dy5zTJH5KE64mrt5k5+he+CQA==}
    engines: {node: '>=12'}
    cpu: [arm]
    os: [linux]
    requiresBuild: true
    dev: true
    optional: true

  /esbuild-linux-arm64/0.14.46:
    resolution: {integrity: sha512-HX0TXCHyI0NEWG4jg8LlW1PbZQbnz+PUH56yjx996cgM5pC90u32drKs/tyJiyyQmNk9OXOogjKw7LEdp/Qc1w==}
    engines: {node: '>=12'}
    cpu: [arm64]
    os: [linux]
    requiresBuild: true
    dev: true
    optional: true

  /esbuild-linux-mips64le/0.14.46:
    resolution: {integrity: sha512-jnb2NDwGqJUVmxn1v0f7seNdDm0nRNWHP9Z3MrWAGnBCdnnDlsjqRFDnbKoaQvWONEa+rOOr/giK+VL0hgQExA==}
    engines: {node: '>=12'}
    cpu: [mips64el]
    os: [linux]
    requiresBuild: true
    dev: true
    optional: true

  /esbuild-linux-ppc64le/0.14.46:
    resolution: {integrity: sha512-uu3JTQUrwwauKY9z8yq5MnDyOlT3f2DNOzBcYz4dB78HqwEqilCsifoBGd0WcbED5n57dc59X+LZMTZ8Ose44w==}
    engines: {node: '>=12'}
    cpu: [ppc64]
    os: [linux]
    requiresBuild: true
    dev: true
    optional: true

  /esbuild-linux-riscv64/0.14.46:
    resolution: {integrity: sha512-OB29r1EG44ZY34JnXCRERxo7k4pRKoQdaoRg2HIeCavatsXZwW4LCakpLnMQ72vXT1HtpBUABEjHkKkn5JyrUg==}
    engines: {node: '>=12'}
    cpu: [riscv64]
    os: [linux]
    requiresBuild: true
    dev: true
    optional: true

  /esbuild-linux-s390x/0.14.46:
    resolution: {integrity: sha512-XQ/U9TueMSGYyPTKyZsJVraiuvxhwCDIMn/QwFXCRCJ6H/Cy/Rq33u9qhpeSziinHKfzJROGx5A8mQY6aYamdQ==}
    engines: {node: '>=12'}
    cpu: [s390x]
    os: [linux]
    requiresBuild: true
    dev: true
    optional: true

  /esbuild-netbsd-64/0.14.46:
    resolution: {integrity: sha512-i15BwqHaAIFp1vBJkitAbHtwXcLk9TdHs/Ia1xGIAutQYXSJNPLM3Z4B4hyfHNEFl2yBqBIYpglMohv2ClNdOQ==}
    engines: {node: '>=12'}
    cpu: [x64]
    os: [netbsd]
    requiresBuild: true
    dev: true
    optional: true

  /esbuild-openbsd-64/0.14.46:
    resolution: {integrity: sha512-XwOIFCE140Y/PvjrwjFfa/QLWBuvhR1mPCOa35mKx02jt++wPNgf0qhn6HfdVC3vQe7R46RwTp4q2cp99fepEg==}
    engines: {node: '>=12'}
    cpu: [x64]
    os: [openbsd]
    requiresBuild: true
    dev: true
    optional: true

  /esbuild-sunos-64/0.14.46:
    resolution: {integrity: sha512-+kV3JnmfdxBVpHyFvuGXWtu6tXxXApOLPkSrVkMJf6+ns/3PLtPndpzwCzHjD+qYUEk8ln4MA+ufQ2qmjW5mZg==}
    engines: {node: '>=12'}
    cpu: [x64]
    os: [sunos]
    requiresBuild: true
    dev: true
    optional: true

  /esbuild-windows-32/0.14.46:
    resolution: {integrity: sha512-gzGC1Q11B/Bo5A2EX4N22oigWmhL7Z0eDyc8kbSoJjqSrGQuRE7B0uMpluO+q0O/gZ1S3zdw+M4PCWlqOIeXLA==}
    engines: {node: '>=12'}
    cpu: [ia32]
    os: [win32]
    requiresBuild: true
    dev: true
    optional: true

  /esbuild-windows-64/0.14.46:
    resolution: {integrity: sha512-Do2daaskfOjmCB7o3ygz6fD3K6SPjZLERiZLktzHz2oUCwsebKu/gmop0+j/XdrVIXC32wFzHzDS+9CTu9OShw==}
    engines: {node: '>=12'}
    cpu: [x64]
    os: [win32]
    requiresBuild: true
    dev: true
    optional: true

  /esbuild-windows-arm64/0.14.46:
    resolution: {integrity: sha512-VEzMy6bM60/HT/URTDElyhfi2Pk0quCCrEhRlI4MRno/AIqYUGw0rZwkPl6PeoqVI6BgoBHGY576GWTiPmshCA==}
    engines: {node: '>=12'}
    cpu: [arm64]
    os: [win32]
    requiresBuild: true
    dev: true
    optional: true

  /esbuild/0.14.46:
    resolution: {integrity: sha512-vdm5G1JdZBktva8dwQci/s44VbeBUg8g907xoZx77mqFZ4gU5GlMULNsdGeID+qXCXocsfYSGtE0LvqH3eiNQg==}
    engines: {node: '>=12'}
    hasBin: true
    requiresBuild: true
    optionalDependencies:
      esbuild-android-64: 0.14.46
      esbuild-android-arm64: 0.14.46
      esbuild-darwin-64: 0.14.46
      esbuild-darwin-arm64: 0.14.46
      esbuild-freebsd-64: 0.14.46
      esbuild-freebsd-arm64: 0.14.46
      esbuild-linux-32: 0.14.46
      esbuild-linux-64: 0.14.46
      esbuild-linux-arm: 0.14.46
      esbuild-linux-arm64: 0.14.46
      esbuild-linux-mips64le: 0.14.46
      esbuild-linux-ppc64le: 0.14.46
      esbuild-linux-riscv64: 0.14.46
      esbuild-linux-s390x: 0.14.46
      esbuild-netbsd-64: 0.14.46
      esbuild-openbsd-64: 0.14.46
      esbuild-sunos-64: 0.14.46
      esbuild-windows-32: 0.14.46
      esbuild-windows-64: 0.14.46
      esbuild-windows-arm64: 0.14.46
    dev: true

  /escape-html/1.0.3:
    resolution: {integrity: sha512-NiSupZ4OeuGwr68lGIeym/ksIZMJodUGOSCZ/FSnTxcrekbvqrgdUxlJOMpijaKZVjAJrWrGs/6Jy8OMuyj9ow==}
    dev: false

  /estree-walker/2.0.2:
    resolution: {integrity: sha512-Rfkk/Mp/DL7JVje3u18FxFujQlTNR2q6QfMSMB7AvCBx91NGj/ba3kCfza0f6dVDbw7YlRf/nDrn7pQrCCyQ/w==}

  /fsevents/2.3.2:
    resolution: {integrity: sha512-xiqMQR4xAeHTuB9uWm+fFRcIOgKBMiOBP+eXiyT7jsgVCq1bkVygt00oASowB7EdtpOHaaPgKt812P9ab+DDKA==}
    engines: {node: ^8.16.0 || ^10.6.0 || >=11.0.0}
    os: [darwin]
    requiresBuild: true
    dev: true
    optional: true

  /function-bind/1.1.1:
    resolution: {integrity: sha512-yIovAzMX49sF8Yl58fSCWJ5svSLuaibPxXQJFLmBObTuCr0Mf1KiPopGM9NiFjiYBCbfaa2Fh6breQ6ANVTI0A==}
    dev: true

  /has/1.0.3:
    resolution: {integrity: sha512-f2dvO0VU6Oej7RkWJGrehjbzMAjFp5/VKPp5tTpWIV4JHHZK1/BxbFRtf/siA2SWTe09caDmVtYYzWEIbBS4zw==}
    engines: {node: '>= 0.4.0'}
    dependencies:
      function-bind: 1.1.1
    dev: true

  /is-core-module/2.9.0:
    resolution: {integrity: sha512-+5FPy5PnwmO3lvfMb0AsoPaBG+5KHUI0wYFXOtYPnVVVspTFUuMZNfNaNVRt3FZadstu2c8x23vykRW/NBoU6A==}
    dependencies:
      has: 1.0.3
    dev: true

  /lodash-es/4.17.21:
    resolution: {integrity: sha512-mKnC+QJ9pWVzv+C4/U3rRsHapFfHvQFoFB92e52xeyGMcX6/OlIl78je1u8vePzYZSkkogMPJ2yjxxsb89cxyw==}
    dev: false

  /lodash-unified/1.0.2_da03a4540fbd16bbaafbb96724306afd:
    resolution: {integrity: sha512-OGbEy+1P+UT26CYi4opY4gebD8cWRDxAT6MAObIVQMiqYdxZr1g3QHWCToVsm31x2NkLS4K3+MC2qInaRMa39g==}
    peerDependencies:
      '@types/lodash-es': '*'
      lodash: '*'
      lodash-es: '*'
    dependencies:
      '@types/lodash-es': 4.17.6
      lodash: 4.17.21
      lodash-es: 4.17.21
    dev: false

  /lodash/4.17.21:
    resolution: {integrity: sha512-v2kDEe57lecTulaDIuNTPy3Ry4gLGJ6Z1O3vE1krgXZNrsQ+LFTGHVxVjcXPs17LhbZVGedAJv8XZ1tvj5FvSg==}
    dev: false

  /magic-string/0.25.9:
    resolution: {integrity: sha512-RmF0AsMzgt25qzqqLc1+MbHmhdx0ojF2Fvs4XnOqz2ZOBXzzkEwc/dJQZCYHAn7v1jbVOjAZfK8msRn4BxO4VQ==}
    dependencies:
      sourcemap-codec: 1.4.8

  /memoize-one/6.0.0:
    resolution: {integrity: sha512-rkpe71W0N0c0Xz6QD0eJETuWAJGnJ9afsl1srmwPrI+yBCkge5EycXXbYRyvL29zZVUWQCY7InPRCv3GDXuZNw==}
    dev: false

  /nanoid/3.3.4:
    resolution: {integrity: sha512-MqBkQh/OHTS2egovRtLk45wEyNXwF+cokD+1YPf9u5VfJiRdAiRwB2froX5Co9Rh20xs4siNPm8naNotSD6RBw==}
    engines: {node: ^10 || ^12 || ^13.7 || ^14 || >=15.0.1}
    hasBin: true

  /normalize-wheel-es/1.1.2:
    resolution: {integrity: sha512-scX83plWJXYH1J4+BhAuIHadROzxX0UBF3+HuZNY2Ks8BciE7tSTQ+5JhTsvzjaO0/EJdm4JBGrfObKxFf3Png==}
    dev: false

  /path-parse/1.0.7:
    resolution: {integrity: sha512-LDJzPVEEEPR+y48z93A0Ed0yXb8pAByGWo/k5YYdYgpY2/2EsOsksJrq7lOHxryrVOn1ejG6oAp8ahvOIQD8sw==}
    dev: true

  /picocolors/1.0.0:
    resolution: {integrity: sha512-1fygroTLlHu66zi26VoTDv8yRgm0Fccecssto+MhsZ0D/DGW2sm8E8AjW7NU5VVTRt5GxbeZ5qBuJr+HyLYkjQ==}

  /postcss/8.4.14:
    resolution: {integrity: sha512-E398TUmfAYFPBSdzgeieK2Y1+1cpdxJx8yXbK/m57nRhKSmk1GB2tO4lbLBtlkfPQTDKfe4Xqv1ASWPpayPEig==}
    engines: {node: ^10 || ^12 || >=14}
    dependencies:
      nanoid: 3.3.4
      picocolors: 1.0.0
      source-map-js: 1.0.2

  /resolve/1.22.1:
    resolution: {integrity: sha512-nBpuuYuY5jFsli/JIs1oldw6fOQCBioohqWZg/2hiaOybXOft4lonv85uDOKXdf8rhyK159cxU5cDcK/NKk8zw==}
    hasBin: true
    dependencies:
      is-core-module: 2.9.0
      path-parse: 1.0.7
      supports-preserve-symlinks-flag: 1.0.0
    dev: true

  /rollup/2.75.6:
    resolution: {integrity: sha512-OEf0TgpC9vU6WGROJIk1JA3LR5vk/yvqlzxqdrE2CzzXnqKXNzbAwlWUXis8RS3ZPe7LAq+YUxsRa0l3r27MLA==}
    engines: {node: '>=10.0.0'}
    hasBin: true
    optionalDependencies:
      fsevents: 2.3.2
    dev: true

  /source-map-js/1.0.2:
    resolution: {integrity: sha512-R0XvVJ9WusLiqTCEiGCmICCMplcCkIwwR11mOSD9CR5u+IXYdiseeEuXCVAjS54zqwkLcPNnmU4OeJ6tUrWhDw==}
    engines: {node: '>=0.10.0'}

  /source-map/0.6.1:
    resolution: {integrity: sha512-UjgapumWlbMhkBgzT7Ykc5YXUT46F0iKu8SGXq0bcwP5dz/h0Plj6enJqjz1Zbq2l5WaqYnrVbwWOWMyF3F47g==}
    engines: {node: '>=0.10.0'}

  /sourcemap-codec/1.4.8:
    resolution: {integrity: sha512-9NykojV5Uih4lgo5So5dtw+f0JgJX30KCNI8gwhz2J9A15wD0Ml6tjHKwf6fTSa6fAdVBdZeNOs9eJ71qCk8vA==}

  /supports-preserve-symlinks-flag/1.0.0:
    resolution: {integrity: sha512-ot0WnXS9fgdkgIcePe6RHNk1WA8+muPa6cSjeR3V8K27q9BB1rTE3R1p7Hv0z1ZyAc8s6Vvv8DIyWf681MAt0w==}
    engines: {node: '>= 0.4'}
    dev: true

  /to-fast-properties/2.0.0:
    resolution: {integrity: sha512-/OaKK0xYrs3DmxRYqL/yDc+FxFUVYhDlXMhRmv3z915w2HF1tnN1omB354j8VUGO/hbRzyD6Y3sA7v7GS/ceog==}
    engines: {node: '>=4'}

  /typescript/4.7.4:
    resolution: {integrity: sha512-C0WQT0gezHuw6AdY1M2jxUO83Rjf0HP7Sk1DtXj6j1EwkQNZrHAg2XPWlq62oqEhYvONq5pkC2Y9oPljWToLmQ==}
    engines: {node: '>=4.2.0'}
    hasBin: true
    dev: true

  /vite/2.9.12:
    resolution: {integrity: sha512-suxC36dQo9Rq1qMB2qiRorNJtJAdxguu5TMvBHOc/F370KvqAe9t48vYp+/TbPKRNrMh/J55tOUmkuIqstZaew==}
    engines: {node: '>=12.2.0'}
    hasBin: true
    peerDependencies:
      less: '*'
      sass: '*'
      stylus: '*'
    peerDependenciesMeta:
      less:
        optional: true
      sass:
        optional: true
      stylus:
        optional: true
    dependencies:
      esbuild: 0.14.46
      postcss: 8.4.14
      resolve: 1.22.1
      rollup: 2.75.6
    optionalDependencies:
      fsevents: 2.3.2
    dev: true

  /vue-demi/0.13.1_vue@3.2.37:
    resolution: {integrity: sha512-xmkJ56koG3ptpLnpgmIzk9/4nFf4CqduSJbUM0OdPoU87NwRuZ6x49OLhjSa/fC15fV+5CbEnrxU4oyE022svg==}
    engines: {node: '>=12'}
    hasBin: true
    requiresBuild: true
    peerDependencies:
      '@vue/composition-api': ^1.0.0-rc.1
      vue: ^3.0.0-0 || ^2.6.0
    peerDependenciesMeta:
      '@vue/composition-api':
        optional: true
    dependencies:
      vue: 3.2.37
    dev: false

  /vue-tsc/0.37.9_typescript@4.7.4:
    resolution: {integrity: sha512-7UDietFPPfLFm2JeG0OodUhtOWbD66tFrALX3NdqNl8LjVHKLId5oTQpuHNUIme2vbNj/fcwaENPfEX2BCSgMw==}
    hasBin: true
    peerDependencies:
      typescript: '*'
    dependencies:
      '@volar/vue-typescript': 0.37.9
      typescript: 4.7.4
    dev: true

  /vue/3.2.37:
    resolution: {integrity: sha512-bOKEZxrm8Eh+fveCqS1/NkG/n6aMidsI6hahas7pa0w/l7jkbssJVsRhVDs07IdDq7h9KHswZOgItnwJAgtVtQ==}
    dependencies:
      '@vue/compiler-dom': 3.2.37
      '@vue/compiler-sfc': 3.2.37
      '@vue/runtime-dom': 3.2.37
      '@vue/server-renderer': 3.2.37_vue@3.2.37
      '@vue/shared': 3.2.37
    dev: false
